
Microsoft Visual Studio Solution File, Format Version 12.00
# Visual Studio Version 17
VisualStudioVersion = 17.7.34202.233
MinimumVisualStudioVersion = 10.0.40219.1
Project("{8BC9CEB8-8B4A-11D0-8D11-00A0C91BC942}") = "qiepian", "qiepian\qiepian.vcxproj", "{149D23FC-A06D-4D0F-972C-898E8DFDDCA3}"
EndProject
Global
	GlobalSection(SolutionConfigurationPlatforms) = preSolution
		Debug|x64 = Debug|x64
		Debug|x86 = Debug|x86
		Release|x64 = Release|x64
		Release|x86 = Release|x86
	EndGlobalSection
	GlobalSection(ProjectConfigurationPlatforms) = postSolution
		{149D23FC-A06D-4D0F-972C-898E8DFDDCA3}.Debug|x64.ActiveCfg = Debug|x64
		{149D23FC-A06D-4D0F-972C-898E8DFDDCA3}.Debug|x64.Build.0 = Debug|x64
		{149D23FC-A06D-4D0F-972C-898E8DFDDCA3}.Debug|x86.ActiveCfg = Debug|Win32
		{149D23FC-A06D-4D0F-972C-898E8DFDDCA3}.Debug|x86.Build.0 = Debug|Win32
		{149D23FC-A06D-4D0F-972C-898E8DFDDCA3}.Release|x64.ActiveCfg = Release|x64
		{149D23FC-A06D-4D0F-972C-898E8DFDDCA3}.Release|x64.Build.0 = Release|x64
		{149D23FC-A06D-4D0F-972C-898E8DFDDCA3}.Release|x86.ActiveCfg = Release|Win32
		{149D23FC-A06D-4D0F-972C-898E8DFDDCA3}.Release|x86.Build.0 = Release|Win32
	EndGlobalSection
	GlobalSection(SolutionProperties) = preSolution
		HideSolutionNode = FALSE
	EndGlobalSection
	GlobalSection(ExtensibilityGlobals) = postSolution
		SolutionGuid = {A1BB1A81-CA47-49E7-8808-3092DA92C05C}
	EndGlobalSection
EndGlobal
